
Microsoft Visual Studio Solution File, Format Version 12.00
# Visual Studio 2015
Project("{FAE04EC0-301F-11D3-BF4B-00C04F79EFBC}") = "30 Seconds", "30 Seconds.csproj", "{3264B905-6F36-2045-FF3C-0496379D469B}"
EndProject
Global
	GlobalSection(SolutionConfigurationPlatforms) = preSolution
		Debug|Any CPU = Debug|Any CPU
		Release|Any CPU = Release|Any CPU
	EndGlobalSection
	GlobalSection(ProjectConfigurationPlatforms) = postSolution
		{3264B905-6F36-2045-FF3C-0496379D469B}.Debug|Any CPU.ActiveCfg = Debug|Any CPU
		{3264B905-6F36-2045-FF3C-0496379D469B}.Debug|Any CPU.Build.0 = Debug|Any CPU
		{3264B905-6F36-2045-FF3C-0496379D469B}.Release|Any CPU.ActiveCfg = Release|Any CPU
		{3264B905-6F36-2045-FF3C-0496379D469B}.Release|Any CPU.Build.0 = Release|Any CPU
	EndGlobalSection
	GlobalSection(SolutionProperties) = preSolution
		HideSolutionNode = FALSE
	EndGlobalSection
EndGlobal
